
Microsoft Visual Studio Solution File, Format Version 12.00
# Visual Studio Version 17
VisualStudioVersion = 17.3.32825.248
MinimumVisualStudioVersion = 10.0.40219.1
Project("{2150E333-8FDC-42A3-9474-1A3956D46DE8}") = "FrontEnd", "FrontEnd", "{5C2C6EE5-1ED7-45BA-B9ED-F4132C83F05A}"
EndProject
Project("{FAE04EC0-301F-11D3-BF4B-00C04F79EFBC}") = "Mango.Web", "Mango.Web\Mango.Web.csproj", "{FF3D59DF-E17D-4A1C-93BB-4A7CC08A9CDF}"
EndProject
Project("{2150E333-8FDC-42A3-9474-1A3956D46DE8}") = "Services", "Services", "{DF5AFD6A-505B-45C6-9881-56B55D1E7942}"
EndProject
Project("{FAE04EC0-301F-11D3-BF4B-00C04F79EFBC}") = "Mango.Services.ProductAPI", "Mango.Services.ProductAPI\Mango.Services.ProductAPI.csproj", "{69EA7B61-BC53-43DF-B4CB-87828EA65DED}"
EndProject
Global
	GlobalSection(SolutionConfigurationPlatforms) = preSolution
		Debug|Any CPU = Debug|Any CPU
		Release|Any CPU = Release|Any CPU
	EndGlobalSection
	GlobalSection(ProjectConfigurationPlatforms) = postSolution
		{FF3D59DF-E17D-4A1C-93BB-4A7CC08A9CDF}.Debug|Any CPU.ActiveCfg = Debug|Any CPU
		{FF3D59DF-E17D-4A1C-93BB-4A7CC08A9CDF}.Debug|Any CPU.Build.0 = Debug|Any CPU
		{FF3D59DF-E17D-4A1C-93BB-4A7CC08A9CDF}.Release|Any CPU.ActiveCfg = Release|Any CPU
		{FF3D59DF-E17D-4A1C-93BB-4A7CC08A9CDF}.Release|Any CPU.Build.0 = Release|Any CPU
		{69EA7B61-BC53-43DF-B4CB-87828EA65DED}.Debug|Any CPU.ActiveCfg = Debug|Any CPU
		{69EA7B61-BC53-43DF-B4CB-87828EA65DED}.Debug|Any CPU.Build.0 = Debug|Any CPU
		{69EA7B61-BC53-43DF-B4CB-87828EA65DED}.Release|Any CPU.ActiveCfg = Release|Any CPU
		{69EA7B61-BC53-43DF-B4CB-87828EA65DED}.Release|Any CPU.Build.0 = Release|Any CPU
	EndGlobalSection
	GlobalSection(SolutionProperties) = preSolution
		HideSolutionNode = FALSE
	EndGlobalSection
	GlobalSection(NestedProjects) = preSolution
		{FF3D59DF-E17D-4A1C-93BB-4A7CC08A9CDF} = {5C2C6EE5-1ED7-45BA-B9ED-F4132C83F05A}
		{69EA7B61-BC53-43DF-B4CB-87828EA65DED} = {DF5AFD6A-505B-45C6-9881-56B55D1E7942}
	EndGlobalSection
	GlobalSection(ExtensibilityGlobals) = postSolution
		SolutionGuid = {AB903780-27C7-47C1-AF65-AB5CA85F1C91}
	EndGlobalSection
EndGlobal
